
Microsoft Visual Studio Solution File, Format Version 12.00
# Visual Studio Version 17
VisualStudioVersion = 17.3.32922.545
MinimumVisualStudioVersion = 10.0.40219.1
Project("{9A19103F-16F7-4668-BE54-9A1E7A4F7556}") = "MilkRun.ContainerPacking", "MilkRun.ContainerPacking\MilkRun.ContainerPacking.csproj", "{DDEC0C1D-E514-4335-AAB2-0F4D0B2607BD}"
EndProject
Project("{9A19103F-16F7-4668-BE54-9A1E7A4F7556}") = "MilkRun.UtilizeApp", "MilkRun.UtilizeApp\MilkRun.UtilizeApp.csproj", "{F65B3069-583C-4B73-BA97-D2803AF0256F}"
EndProject
Global
	GlobalSection(SolutionConfigurationPlatforms) = preSolution
		Debug|Any CPU = Debug|Any CPU
		Release|Any CPU = Release|Any CPU
	EndGlobalSection
	GlobalSection(ProjectConfigurationPlatforms) = postSolution
		{DDEC0C1D-E514-4335-AAB2-0F4D0B2607BD}.Debug|Any CPU.ActiveCfg = Debug|Any CPU
		{DDEC0C1D-E514-4335-AAB2-0F4D0B2607BD}.Debug|Any CPU.Build.0 = Debug|Any CPU
		{DDEC0C1D-E514-4335-AAB2-0F4D0B2607BD}.Release|Any CPU.ActiveCfg = Release|Any CPU
		{DDEC0C1D-E514-4335-AAB2-0F4D0B2607BD}.Release|Any CPU.Build.0 = Release|Any CPU
		{F65B3069-583C-4B73-BA97-D2803AF0256F}.Debug|Any CPU.ActiveCfg = Debug|Any CPU
		{F65B3069-583C-4B73-BA97-D2803AF0256F}.Debug|Any CPU.Build.0 = Debug|Any CPU
		{F65B3069-583C-4B73-BA97-D2803AF0256F}.Release|Any CPU.ActiveCfg = Release|Any CPU
		{F65B3069-583C-4B73-BA97-D2803AF0256F}.Release|Any CPU.Build.0 = Release|Any CPU
	EndGlobalSection
	GlobalSection(SolutionProperties) = preSolution
		HideSolutionNode = FALSE
	EndGlobalSection
	GlobalSection(ExtensibilityGlobals) = postSolution
		SolutionGuid = {EFD0501E-3C48-42A7-830E-9FFA9FD9F985}
	EndGlobalSection
EndGlobal
